// !$*UTF8*$!
{
	archiveVersion = 1;
	classes = {
	};
	objectVersion = 51;
	objects = {

/* Begin PBXBuildFile section */
		5C2F39B2271F3B7500ABD5E1 /* AppDelegate.swift in Sources */ = {isa = PBXBuildFile; fileRef = 5C2F39B1271F3B7500ABD5E1 /* AppDelegate.swift */; };
		5C2F39B4271F3B7500ABD5E1 /* SceneDelegate.swift in Sources */ = {isa = PBXBuildFile; fileRef = 5C2F39B3271F3B7500ABD5E1 /* SceneDelegate.swift */; };
		5C2F39B6271F3B7500ABD5E1 /* ViewController.swift in Sources */ = {isa = PBXBuildFile; fileRef = 5C2F39B5271F3B7500ABD5E1 /* ViewController.swift */; };
		5C2F39B9271F3B7500ABD5E1 /* Main.storyboard in Resources */ = {isa = PBXBuildFile; fileRef = 5C2F39B7271F3B7500ABD5E1 /* Main.storyboard */; };
		5C2F39BB271F3B7800ABD5E1 /* Assets.xcassets in Resources */ = {isa = PBXBuildFile; fileRef = 5C2F39BA271F3B7800ABD5E1 /* Assets.xcassets */; };
		5C2F39BE271F3B7800ABD5E1 /* LaunchScreen.storyboard in Resources */ = {isa = PBXBuildFile; fileRef = 5C2F39BC271F3B7800ABD5E1 /* LaunchScreen.storyboard */; };
		5C2F39C7271F4F3300ABD5E1 /* ApiResponse.swift in Sources */ = {isa = PBXBuildFile; fileRef = 5C2F39C6271F4F3300ABD5E1 /* ApiResponse.swift */; };
		5C2F39D2271F52D600ABD5E1 /* NetworkClient.swift in Sources */ = {isa = PBXBuildFile; fileRef = 5C2F39D1271F52D600ABD5E1 /* NetworkClient.swift */; };
		5C92415E2738442E008ECF51 /* Repository.swift in Sources */ = {isa = PBXBuildFile; fileRef = 5C92415D2738442E008ECF51 /* Repository.swift */; };
		5CEBE447272027A200076C2E /* SettingsViewController.swift in Sources */ = {isa = PBXBuildFile; fileRef = 5CEBE446272027A200076C2E /* SettingsViewController.swift */; };
		5CEBE44F27205AC900076C2E /* UserDefaultsManager.swift in Sources */ = {isa = PBXBuildFile; fileRef = 5CEBE44E27205AC800076C2E /* UserDefaultsManager.swift */; };
		9882861649ACC0E73F5F8B93 /* Pods_8BallApp.framework in Frameworks */ = {isa = PBXBuildFile; fileRef = D5B4FDF3EF1385ADE1A32EEF /* Pods_8BallApp.framework */; };
/* End PBXBuildFile section */

/* Begin PBXFileReference section */
		30720D65DB3E8473862592C5 /* Pods-8BallApp.release.xcconfig */ = {isa = PBXFileReference; includeInIndex = 1; lastKnownFileType = text.xcconfig; name = "Pods-8BallApp.release.xcconfig"; path = "Target Support Files/Pods-8BallApp/Pods-8BallApp.release.xcconfig"; sourceTree = "<group>"; };
		5C2F39AE271F3B7500ABD5E1 /* 8BallApp.app */ = {isa = PBXFileReference; explicitFileType = wrapper.application; includeInIndex = 0; path = 8BallApp.app; sourceTree = BUILT_PRODUCTS_DIR; };
		5C2F39B1271F3B7500ABD5E1 /* AppDelegate.swift */ = {isa = PBXFileReference; lastKnownFileType = sourcecode.swift; path = AppDelegate.swift; sourceTree = "<group>"; };
		5C2F39B3271F3B7500ABD5E1 /* SceneDelegate.swift */ = {isa = PBXFileReference; lastKnownFileType = sourcecode.swift; path = SceneDelegate.swift; sourceTree = "<group>"; };
		5C2F39B5271F3B7500ABD5E1 /* ViewController.swift */ = {isa = PBXFileReference; lastKnownFileType = sourcecode.swift; path = ViewController.swift; sourceTree = "<group>"; };
		5C2F39B8271F3B7500ABD5E1 /* Base */ = {isa = PBXFileReference; lastKnownFileType = file.storyboard; name = Base; path = Base.lproj/Main.storyboard; sourceTree = "<group>"; };
		5C2F39BA271F3B7800ABD5E1 /* Assets.xcassets */ = {isa = PBXFileReference; lastKnownFileType = folder.assetcatalog; path = Assets.xcassets; sourceTree = "<group>"; };
		5C2F39BD271F3B7800ABD5E1 /* Base */ = {isa = PBXFileReference; lastKnownFileType = file.storyboard; name = Base; path = Base.lproj/LaunchScreen.storyboard; sourceTree = "<group>"; };
		5C2F39BF271F3B7800ABD5E1 /* Info.plist */ = {isa = PBXFileReference; lastKnownFileType = text.plist.xml; path = Info.plist; sourceTree = "<group>"; };
		5C2F39C6271F4F3300ABD5E1 /* ApiResponse.swift */ = {isa = PBXFileReference; lastKnownFileType = sourcecode.swift; path = ApiResponse.swift; sourceTree = "<group>"; };
		5C2F39D1271F52D600ABD5E1 /* NetworkClient.swift */ = {isa = PBXFileReference; lastKnownFileType = sourcecode.swift; path = NetworkClient.swift; sourceTree = "<group>"; };
		5C92415D2738442E008ECF51 /* Repository.swift */ = {isa = PBXFileReference; lastKnownFileType = sourcecode.swift; path = Repository.swift; sourceTree = "<group>"; };
		5CEBE446272027A200076C2E /* SettingsViewController.swift */ = {isa = PBXFileReference; lastKnownFileType = sourcecode.swift; path = SettingsViewController.swift; sourceTree = "<group>"; };
		5CEBE44E27205AC800076C2E /* UserDefaultsManager.swift */ = {isa = PBXFileReference; lastKnownFileType = sourcecode.swift; path = UserDefaultsManager.swift; sourceTree = "<group>"; };
		B209BB7788A37E4EF190ED8D /* Pods-8BallApp.debug.xcconfig */ = {isa = PBXFileReference; includeInIndex = 1; lastKnownFileType = text.xcconfig; name = "Pods-8BallApp.debug.xcconfig"; path = "Target Support Files/Pods-8BallApp/Pods-8BallApp.debug.xcconfig"; sourceTree = "<group>"; };
		D5B4FDF3EF1385ADE1A32EEF /* Pods_8BallApp.framework */ = {isa = PBXFileReference; explicitFileType = wrapper.framework; includeInIndex = 0; path = Pods_8BallApp.framework; sourceTree = BUILT_PRODUCTS_DIR; };
/* End PBXFileReference section */

/* Begin PBXFrameworksBuildPhase section */
		5C2F39AB271F3B7500ABD5E1 /* Frameworks */ = {
			isa = PBXFrameworksBuildPhase;
			buildActionMask = 2147483647;
			files = (
				9882861649ACC0E73F5F8B93 /* Pods_8BallApp.framework in Frameworks */,
			);
			runOnlyForDeploymentPostprocessing = 0;
		};
/* End PBXFrameworksBuildPhase section */

/* Begin PBXGroup section */
		2436C244A0303BB1F1FF5480 /* Frameworks */ = {
			isa = PBXGroup;
			children = (
				D5B4FDF3EF1385ADE1A32EEF /* Pods_8BallApp.framework */,
			);
			name = Frameworks;
			sourceTree = "<group>";
		};
		28BB50BD1FCC7AAF43F3E259 /* Pods */ = {
			isa = PBXGroup;
			children = (
				B209BB7788A37E4EF190ED8D /* Pods-8BallApp.debug.xcconfig */,
				30720D65DB3E8473862592C5 /* Pods-8BallApp.release.xcconfig */,
			);
			path = Pods;
			sourceTree = "<group>";
		};
		5C2F39A5271F3B7500ABD5E1 = {
			isa = PBXGroup;
			children = (
				5C2F39B0271F3B7500ABD5E1 /* 8BallApp */,
				5C2F39AF271F3B7500ABD5E1 /* Products */,
				28BB50BD1FCC7AAF43F3E259 /* Pods */,
				2436C244A0303BB1F1FF5480 /* Frameworks */,
			);
			sourceTree = "<group>";
		};
		5C2F39AF271F3B7500ABD5E1 /* Products */ = {
			isa = PBXGroup;
			children = (
				5C2F39AE271F3B7500ABD5E1 /* 8BallApp.app */,
			);
			name = Products;
			sourceTree = "<group>";
		};
		5C2F39B0271F3B7500ABD5E1 /* 8BallApp */ = {
			isa = PBXGroup;
			children = (
				5C92415C27384413008ECF51 /* Data */,
				5CEBE442272021BA00076C2E /* Application */,
				5CEBE4432720222E00076C2E /* Controllers */,
				5CEBE43F2720216B00076C2E /* Service */,
				5CEBE43E2720215800076C2E /* Models */,
				5C2F39BA271F3B7800ABD5E1 /* Assets.xcassets */,
				5C2F39B7271F3B7500ABD5E1 /* Main.storyboard */,
				5C2F39BC271F3B7800ABD5E1 /* LaunchScreen.storyboard */,
				5C2F39BF271F3B7800ABD5E1 /* Info.plist */,
			);
			path = 8BallApp;
			sourceTree = "<group>";
		};
		5C92415C27384413008ECF51 /* Data */ = {
			isa = PBXGroup;
			children = (
				5C92415D2738442E008ECF51 /* Repository.swift */,
			);
			path = Data;
			sourceTree = "<group>";
		};
		5CEBE43E2720215800076C2E /* Models */ = {
			isa = PBXGroup;
			children = (
				5C2F39C6271F4F3300ABD5E1 /* ApiResponse.swift */,
			);
			path = Models;
			sourceTree = "<group>";
		};
		5CEBE43F2720216B00076C2E /* Service */ = {
			isa = PBXGroup;
			children = (
				5C2F39D1271F52D600ABD5E1 /* NetworkClient.swift */,
				5CEBE44E27205AC800076C2E /* UserDefaultsManager.swift */,
			);
			path = Service;
			sourceTree = "<group>";
		};
		5CEBE442272021BA00076C2E /* Application */ = {
			isa = PBXGroup;
			children = (
				5C2F39B1271F3B7500ABD5E1 /* AppDelegate.swift */,
				5C2F39B3271F3B7500ABD5E1 /* SceneDelegate.swift */,
			);
			path = Application;
			sourceTree = "<group>";
		};
		5CEBE4432720222E00076C2E /* Controllers */ = {
			isa = PBXGroup;
			children = (
				5C2F39B5271F3B7500ABD5E1 /* ViewController.swift */,
				5CEBE446272027A200076C2E /* SettingsViewController.swift */,
			);
			path = Controllers;
			sourceTree = "<group>";
		};
/* End PBXGroup section */

/* Begin PBXNativeTarget section */
		5C2F39AD271F3B7500ABD5E1 /* 8BallApp */ = {
			isa = PBXNativeTarget;
			buildConfigurationList = 5C2F39C2271F3B7800ABD5E1 /* Build configuration list for PBXNativeTarget "8BallApp" */;
			buildPhases = (
				F10095715FABE10489D6498D /* [CP] Check Pods Manifest.lock */,
				5CD58E14273C641600AEA535 /* ShellScript */,
				5C2F39AA271F3B7500ABD5E1 /* Sources */,
				5C2F39AB271F3B7500ABD5E1 /* Frameworks */,
				5C2F39AC271F3B7500ABD5E1 /* Resources */,
				8B9BC14F819F92FD6823DE5A /* [CP] Embed Pods Frameworks */,
			);
			buildRules = (
			);
			dependencies = (
			);
			name = 8BallApp;
			productName = 8BallApp;
			productReference = 5C2F39AE271F3B7500ABD5E1 /* 8BallApp.app */;
			productType = "com.apple.product-type.application";
		};
/* End PBXNativeTarget section */

/* Begin PBXProject section */
		5C2F39A6271F3B7500ABD5E1 /* Project object */ = {
			isa = PBXProject;
			attributes = {
				LastSwiftUpdateCheck = 1240;
				LastUpgradeCheck = 1240;
				TargetAttributes = {
					5C2F39AD271F3B7500ABD5E1 = {
						CreatedOnToolsVersion = 12.4;
					};
				};
			};
			buildConfigurationList = 5C2F39A9271F3B7500ABD5E1 /* Build configuration list for PBXProject "8BallApp" */;
			compatibilityVersion = "Xcode 9.3";
			developmentRegion = en;
			hasScannedForEncodings = 0;
			knownRegions = (
				en,
				Base,
			);
			mainGroup = 5C2F39A5271F3B7500ABD5E1;
			productRefGroup = 5C2F39AF271F3B7500ABD5E1 /* Products */;
			projectDirPath = "";
			projectRoot = "";
			targets = (
				5C2F39AD271F3B7500ABD5E1 /* 8BallApp */,
			);
		};
/* End PBXProject section */

/* Begin PBXResourcesBuildPhase section */
		5C2F39AC271F3B7500ABD5E1 /* Resources */ = {
			isa = PBXResourcesBuildPhase;
			buildActionMask = 2147483647;
			files = (
				5C2F39BE271F3B7800ABD5E1 /* LaunchScreen.storyboard in Resources */,
				5C2F39BB271F3B7800ABD5E1 /* Assets.xcassets in Resources */,
				5C2F39B9271F3B7500ABD5E1 /* Main.storyboard in Resources */,
			);
			runOnlyForDeploymentPostprocessing = 0;
		};
/* End PBXResourcesBuildPhase section */

/* Begin PBXShellScriptBuildPhase section */
		5CD58E14273C641600AEA535 /* ShellScript */ = {
			isa = PBXShellScriptBuildPhase;
			buildActionMask = 2147483647;
			files = (
			);
			inputFileListPaths = (
			);
			inputPaths = (
			);
			outputFileListPaths = (
			);
			outputPaths = (
			);
			runOnlyForDeploymentPostprocessing = 0;
			shellPath = /bin/sh;
			shellScript = "${PODS_ROOT}/SwiftLint/swiftlint\n";
		};
		8B9BC14F819F92FD6823DE5A /* [CP] Embed Pods Frameworks */ = {
			isa = PBXShellScriptBuildPhase;
			buildActionMask = 2147483647;
			files = (
			);
			inputFileListPaths = (
				"${PODS_ROOT}/Target Support Files/Pods-8BallApp/Pods-8BallApp-frameworks-${CONFIGURATION}-input-files.xcfilelist",
			);
			name = "[CP] Embed Pods Frameworks";
			outputFileListPaths = (
				"${PODS_ROOT}/Target Support Files/Pods-8BallApp/Pods-8BallApp-frameworks-${CONFIGURATION}-output-files.xcfilelist",
			);
			runOnlyForDeploymentPostprocessing = 0;
			shellPath = /bin/sh;
			shellScript = "\"${PODS_ROOT}/Target Support Files/Pods-8BallApp/Pods-8BallApp-frameworks.sh\"\n";
			showEnvVarsInLog = 0;
		};
		F10095715FABE10489D6498D /* [CP] Check Pods Manifest.lock */ = {
			isa = PBXShellScriptBuildPhase;
			buildActionMask = 2147483647;
			files = (
			);
			inputFileListPaths = (
			);
			inputPaths = (
				"${PODS_PODFILE_DIR_PATH}/Podfile.lock",
				"${PODS_ROOT}/Manifest.lock",
			);
			name = "[CP] Check Pods Manifest.lock";
			outputFileListPaths = (
			);
			outputPaths = (
				"$(DERIVED_FILE_DIR)/Pods-8BallApp-checkManifestLockResult.txt",
			);
			runOnlyForDeploymentPostprocessing = 0;
			shellPath = /bin/sh;
			shellScript = "diff \"${PODS_PODFILE_DIR_PATH}/Podfile.lock\" \"${PODS_ROOT}/Manifest.lock\" > /dev/null\nif [ $? != 0 ] ; then\n    # print error to STDERR\n    echo \"error: The sandbox is not in sync with the Podfile.lock. Run 'pod install' or update your CocoaPods installation.\" >&2\n    exit 1\nfi\n# This output is used by Xcode 'outputs' to avoid re-running this script phase.\necho \"SUCCESS\" > \"${SCRIPT_OUTPUT_FILE_0}\"\n";
			showEnvVarsInLog = 0;
		};
/* End PBXShellScriptBuildPhase section */

/* Begin PBXSourcesBuildPhase section */
		5C2F39AA271F3B7500ABD5E1 /* Sources */ = {
			isa = PBXSourcesBuildPhase;
			buildActionMask = 2147483647;
			files = (
				5C2F39B6271F3B7500ABD5E1 /* ViewController.swift in Sources */,
				5C2F39C7271F4F3300ABD5E1 /* ApiResponse.swift in Sources */,
				5C2F39D2271F52D600ABD5E1 /* NetworkClient.swift in Sources */,
				5C92415E2738442E008ECF51 /* Repository.swift in Sources */,
				5CEBE44F27205AC900076C2E /* UserDefaultsManager.swift in Sources */,
				5C2F39B2271F3B7500ABD5E1 /* AppDelegate.swift in Sources */,
				5C2F39B4271F3B7500ABD5E1 /* SceneDelegate.swift in Sources */,
				5CEBE447272027A200076C2E /* SettingsViewController.swift in Sources */,
			);
			runOnlyForDeploymentPostprocessing = 0;
		};
/* End PBXSourcesBuildPhase section */

/* Begin PBXVariantGroup section */
		5C2F39B7271F3B7500ABD5E1 /* Main.storyboard */ = {
			isa = PBXVariantGroup;
			children = (
				5C2F39B8271F3B7500ABD5E1 /* Base */,
			);
			name = Main.storyboard;
			sourceTree = "<group>";
		};
		5C2F39BC271F3B7800ABD5E1 /* LaunchScreen.storyboard */ = {
			isa = PBXVariantGroup;
			children = (
				5C2F39BD271F3B7800ABD5E1 /* Base */,
			);
			name = LaunchScreen.storyboard;
			sourceTree = "<group>";
		};
/* End PBXVariantGroup section */

/* Begin XCBuildConfiguration section */
		5C2F39C0271F3B7800ABD5E1 /* Debug */ = {
			isa = XCBuildConfiguration;
			buildSettings = {
				ALWAYS_SEARCH_USER_PATHS = NO;
				CLANG_ANALYZER_NONNULL = YES;
				CLANG_ANALYZER_NUMBER_OBJECT_CONVERSION = YES_AGGRESSIVE;
				CLANG_CXX_LANGUAGE_STANDARD = "gnu++14";
				CLANG_CXX_LIBRARY = "libc++";
				CLANG_ENABLE_MODULES = YES;
				CLANG_ENABLE_OBJC_ARC = YES;
				CLANG_ENABLE_OBJC_WEAK = YES;
				CLANG_WARN_BLOCK_CAPTURE_AUTORELEASING = YES;
				CLANG_WARN_BOOL_CONVERSION = YES;
				CLANG_WARN_COMMA = YES;
				CLANG_WARN_CONSTANT_CONVERSION = YES;
				CLANG_WARN_DEPRECATED_OBJC_IMPLEMENTATIONS = YES;
				CLANG_WARN_DIRECT_OBJC_ISA_USAGE = YES_ERROR;
				CLANG_WARN_DOCUMENTATION_COMMENTS = YES;
				CLANG_WARN_EMPTY_BODY = YES;
				CLANG_WARN_ENUM_CONVERSION = YES;
				CLANG_WARN_INFINITE_RECURSION = YES;
				CLANG_WARN_INT_CONVERSION = YES;
				CLANG_WARN_NON_LITERAL_NULL_CONVERSION = YES;
				CLANG_WARN_OBJC_IMPLICIT_RETAIN_SELF = YES;
				CLANG_WARN_OBJC_LITERAL_CONVERSION = YES;
				CLANG_WARN_OBJC_ROOT_CLASS = YES_ERROR;
				CLANG_WARN_QUOTED_INCLUDE_IN_FRAMEWORK_HEADER = YES;
				CLANG_WARN_RANGE_LOOP_ANALYSIS = YES;
				CLANG_WARN_STRICT_PROTOTYPES = YES;
				CLANG_WARN_SUSPICIOUS_MOVE = YES;
				CLANG_WARN_UNGUARDED_AVAILABILITY = YES_AGGRESSIVE;
				CLANG_WARN_UNREACHABLE_CODE = YES;
				CLANG_WARN__DUPLICATE_METHOD_MATCH = YES;
				COPY_PHASE_STRIP = NO;
				DEBUG_INFORMATION_FORMAT = dwarf;
				ENABLE_STRICT_OBJC_MSGSEND = YES;
				ENABLE_TESTABILITY = YES;
				GCC_C_LANGUAGE_STANDARD = gnu11;
				GCC_DYNAMIC_NO_PIC = NO;
				GCC_NO_COMMON_BLOCKS = YES;
				GCC_OPTIMIZATION_LEVEL = 0;
				GCC_PREPROCESSOR_DEFINITIONS = (
					"DEBUG=1",
					"$(inherited)",
				);
				GCC_WARN_64_TO_32_BIT_CONVERSION = YES;
				GCC_WARN_ABOUT_RETURN_TYPE = YES_ERROR;
				GCC_WARN_UNDECLARED_SELECTOR = YES;
				GCC_WARN_UNINITIALIZED_AUTOS = YES_AGGRESSIVE;
				GCC_WARN_UNUSED_FUNCTION = YES;
				GCC_WARN_UNUSED_VARIABLE = YES;
				IPHONEOS_DEPLOYMENT_TARGET = 14.4;
				MTL_ENABLE_DEBUG_INFO = INCLUDE_SOURCE;
				MTL_FAST_MATH = YES;
				ONLY_ACTIVE_ARCH = YES;
				SDKROOT = iphoneos;
				SWIFT_ACTIVE_COMPILATION_CONDITIONS = DEBUG;
				SWIFT_OPTIMIZATION_LEVEL = "-Onone";
			};
			name = Debug;
		};
		5C2F39C1271F3B7800ABD5E1 /* Release */ = {
			isa = XCBuildConfiguration;
			buildSettings = {
				ALWAYS_SEARCH_USER_PATHS = NO;
				CLANG_ANALYZER_NONNULL = YES;
				CLANG_ANALYZER_NUMBER_OBJECT_CONVERSION = YES_AGGRESSIVE;
				CLANG_CXX_LANGUAGE_STANDARD = "gnu++14";
				CLANG_CXX_LIBRARY = "libc++";
				CLANG_ENABLE_MODULES = YES;
				CLANG_ENABLE_OBJC_ARC = YES;
				CLANG_ENABLE_OBJC_WEAK = YES;
				CLANG_WARN_BLOCK_CAPTURE_AUTORELEASING = YES;
				CLANG_WARN_BOOL_CONVERSION = YES;
				CLANG_WARN_COMMA = YES;
				CLANG_WARN_CONSTANT_CONVERSION = YES;
				CLANG_WARN_DEPRECATED_OBJC_IMPLEMENTATIONS = YES;
				CLANG_WARN_DIRECT_OBJC_ISA_USAGE = YES_ERROR;
				CLANG_WARN_DOCUMENTATION_COMMENTS = YES;
				CLANG_WARN_EMPTY_BODY = YES;
				CLANG_WARN_ENUM_CONVERSION = YES;
				CLANG_WARN_INFINITE_RECURSION = YES;
				CLANG_WARN_INT_CONVERSION = YES;
				CLANG_WARN_NON_LITERAL_NULL_CONVERSION = YES;
				CLANG_WARN_OBJC_IMPLICIT_RETAIN_SELF = YES;
				CLANG_WARN_OBJC_LITERAL_CONVERSION = YES;
				CLANG_WARN_OBJC_ROOT_CLASS = YES_ERROR;
				CLANG_WARN_QUOTED_INCLUDE_IN_FRAMEWORK_HEADER = YES;
				CLANG_WARN_RANGE_LOOP_ANALYSIS = YES;
				CLANG_WARN_STRICT_PROTOTYPES = YES;
				CLANG_WARN_SUSPICIOUS_MOVE = YES;
				CLANG_WARN_UNGUARDED_AVAILABILITY = YES_AGGRESSIVE;
				CLANG_WARN_UNREACHABLE_CODE = YES;
				CLANG_WARN__DUPLICATE_METHOD_MATCH = YES;
				COPY_PHASE_STRIP = NO;
				DEBUG_INFORMATION_FORMAT = "dwarf-with-dsym";
				ENABLE_NS_ASSERTIONS = NO;
				ENABLE_STRICT_OBJC_MSGSEND = YES;
				GCC_C_LANGUAGE_STANDARD = gnu11;
				GCC_NO_COMMON_BLOCKS = YES;
				GCC_WARN_64_TO_32_BIT_CONVERSION = YES;
				GCC_WARN_ABOUT_RETURN_TYPE = YES_ERROR;
				GCC_WARN_UNDECLARED_SELECTOR = YES;
				GCC_WARN_UNINITIALIZED_AUTOS = YES_AGGRESSIVE;
				GCC_WARN_UNUSED_FUNCTION = YES;
				GCC_WARN_UNUSED_VARIABLE = YES;
				IPHONEOS_DEPLOYMENT_TARGET = 14.4;
				MTL_ENABLE_DEBUG_INFO = NO;
				MTL_FAST_MATH = YES;
				SDKROOT = iphoneos;
				SWIFT_COMPILATION_MODE = wholemodule;
				SWIFT_OPTIMIZATION_LEVEL = "-O";
				VALIDATE_PRODUCT = YES;
			};
			name = Release;
		};
		5C2F39C3271F3B7800ABD5E1 /* Debug */ = {
			isa = XCBuildConfiguration;
			baseConfigurationReference = B209BB7788A37E4EF190ED8D /* Pods-8BallApp.debug.xcconfig */;
			buildSettings = {
				ASSETCATALOG_COMPILER_APPICON_NAME = AppIcon;
				ASSETCATALOG_COMPILER_GLOBAL_ACCENT_COLOR_NAME = AccentColor;
				CODE_SIGN_STYLE = Automatic;
				DEVELOPMENT_TEAM = SU23D6GXVW;
				INFOPLIST_FILE = 8BallApp/Info.plist;
				LD_RUNPATH_SEARCH_PATHS = (
					"$(inherited)",
					"@executable_path/Frameworks",
				);
				PRODUCT_BUNDLE_IDENTIFIER = "Rita.-BallApp";
				PRODUCT_NAME = "$(TARGET_NAME)";
				SWIFT_VERSION = 5.0;
				TARGETED_DEVICE_FAMILY = "1,2";
			};
			name = Debug;
		};
		5C2F39C4271F3B7800ABD5E1 /* Release */ = {
			isa = XCBuildConfiguration;
			baseConfigurationReference = 30720D65DB3E8473862592C5 /* Pods-8BallApp.release.xcconfig */;
			buildSettings = {
				ASSETCATALOG_COMPILER_APPICON_NAME = AppIcon;
				ASSETCATALOG_COMPILER_GLOBAL_ACCENT_COLOR_NAME = AccentColor;
				CODE_SIGN_STYLE = Automatic;
				DEVELOPMENT_TEAM = SU23D6GXVW;
				INFOPLIST_FILE = 8BallApp/Info.plist;
				LD_RUNPATH_SEARCH_PATHS = (
					"$(inherited)",
					"@executable_path/Frameworks",
				);
				PRODUCT_BUNDLE_IDENTIFIER = "Rita.-BallApp";
				PRODUCT_NAME = "$(TARGET_NAME)";
				SWIFT_VERSION = 5.0;
				TARGETED_DEVICE_FAMILY = "1,2";
			};
			name = Release;
		};
/* End XCBuildConfiguration section */

/* Begin XCConfigurationList section */
		5C2F39A9271F3B7500ABD5E1 /* Build configuration list for PBXProject "8BallApp" */ = {
			isa = XCConfigurationList;
			buildConfigurations = (
				5C2F39C0271F3B7800ABD5E1 /* Debug */,
				5C2F39C1271F3B7800ABD5E1 /* Release */,
			);
			defaultConfigurationIsVisible = 0;
			defaultConfigurationName = Release;
		};
		5C2F39C2271F3B7800ABD5E1 /* Build configuration list for PBXNativeTarget "8BallApp" */ = {
			isa = XCConfigurationList;
			buildConfigurations = (
				5C2F39C3271F3B7800ABD5E1 /* Debug */,
				5C2F39C4271F3B7800ABD5E1 /* Release */,
			);
			defaultConfigurationIsVisible = 0;
			defaultConfigurationName = Release;
		};
/* End XCConfigurationList section */
	};
	rootObject = 5C2F39A6271F3B7500ABD5E1 /* Project object */;
}
